{
  "name": "recall-audit",
  "version": "1.0.0",
  "lockfileVersion": 3,
  "requires": true,
  "packages": {
    "": {
      "name": "recall-audit",
      "version": "1.0.0",
      "license": "ISC",
      "dependencies": {
        "fevmate": "^1.0.3"
      }
    },
    "node_modules/@openzeppelin/contracts": {
      "version": "4.9.6",
      "resolved": "https://registry.npmjs.org/@openzeppelin/contracts/-/contracts-4.9.6.tgz",
      "integrity": "sha512-xSmezSupL+y9VkHZJGDoCBpmnB2ogM13ccaYDWqJTfS3dbuHkgjuwDFUmaFauBCboQMGB/S5UqUl2y54X99BmA==",
      "license": "MIT"
    },
    "node_modules/fevmate": {
      "version": "1.0.3",
      "resolved": "https://registry.npmjs.org/fevmate/-/fevmate-1.0.3.tgz",
      "integrity": "sha512-obYVeDM7bAgky/uaprjXN9mZP032RhrG2rgTYWZghQcO9+knIGVHZRbTA98xmC9TgpQGlGbYf5sFk8rGgJ7AZA==",
      "license": "MIT",
      "dependencies": {
        "@openzeppelin/contracts": "^4.8.1"
      }
    }
  }
}
